
Microsoft Visual Studio Solution File, Format Version 12.00
# Visual Studio Version 17
VisualStudioVersion = 17.5.33103.201
MinimumVisualStudioVersion = 10.0.40219.1
Project("{4B0F3479-76EB-47FC-849B-8A6CFB51C7BB}") = "ShortcutsApp", "ShortcutsApp.csproj", "{C8502731-F481-44BE-91DE-E7C34E4098CC}"
EndProject
Global
	GlobalSection(SolutionConfigurationPlatforms) = preSolution
		Debug|ARM64 = Debug|ARM64
		Debug|x64 = Debug|x64
		Debug|x86 = Debug|x86
		Release|ARM64 = Release|ARM64
		Release|x64 = Release|x64
		Release|x86 = Release|x86
	EndGlobalSection
	GlobalSection(ProjectConfigurationPlatforms) = postSolution
		{C8502731-F481-44BE-91DE-E7C34E4098CC}.Debug|ARM64.ActiveCfg = Debug|ARM64
		{C8502731-F481-44BE-91DE-E7C34E4098CC}.Debug|ARM64.Build.0 = Debug|ARM64
		{C8502731-F481-44BE-91DE-E7C34E4098CC}.Debug|ARM64.Deploy.0 = Debug|ARM64
		{C8502731-F481-44BE-91DE-E7C34E4098CC}.Debug|x64.ActiveCfg = Debug|x64
		{C8502731-F481-44BE-91DE-E7C34E4098CC}.Debug|x64.Build.0 = Debug|x64
		{C8502731-F481-44BE-91DE-E7C34E4098CC}.Debug|x64.Deploy.0 = Debug|x64
		{C8502731-F481-44BE-91DE-E7C34E4098CC}.Debug|x86.ActiveCfg = Debug|x86
		{C8502731-F481-44BE-91DE-E7C34E4098CC}.Debug|x86.Build.0 = Debug|x86
		{C8502731-F481-44BE-91DE-E7C34E4098CC}.Debug|x86.Deploy.0 = Debug|x86
		{C8502731-F481-44BE-91DE-E7C34E4098CC}.Release|ARM64.ActiveCfg = Release|ARM64
		{C8502731-F481-44BE-91DE-E7C34E4098CC}.Release|ARM64.Build.0 = Release|ARM64
		{C8502731-F481-44BE-91DE-E7C34E4098CC}.Release|ARM64.Deploy.0 = Release|ARM64
		{C8502731-F481-44BE-91DE-E7C34E4098CC}.Release|x64.ActiveCfg = Release|x64
		{C8502731-F481-44BE-91DE-E7C34E4098CC}.Release|x64.Build.0 = Release|x64
		{C8502731-F481-44BE-91DE-E7C34E4098CC}.Release|x64.Deploy.0 = Release|x64
		{C8502731-F481-44BE-91DE-E7C34E4098CC}.Release|x86.ActiveCfg = Release|x86
		{C8502731-F481-44BE-91DE-E7C34E4098CC}.Release|x86.Build.0 = Release|x86
		{C8502731-F481-44BE-91DE-E7C34E4098CC}.Release|x86.Deploy.0 = Release|x86
	EndGlobalSection
	GlobalSection(SolutionProperties) = preSolution
		HideSolutionNode = FALSE
	EndGlobalSection
	GlobalSection(ExtensibilityGlobals) = postSolution
		SolutionGuid = {413C45CD-F7E7-40CB-8BB5-1961621AEA97}
	EndGlobalSection
EndGlobal
